
Microsoft Visual Studio Solution File, Format Version 12.00
# Visual Studio Version 17
VisualStudioVersion = 17.0.31512.422
MinimumVisualStudioVersion = 10.0.40219.1
Project("{8BC9CEB8-8B4A-11D0-8D11-00A0C91BC942}") = "libksn_math", "libksn_math\libksn_math.vcxproj", "{10F256BC-7FB7-4307-926E-8B4B78D1DDA5}"
EndProject
Project("{8BC9CEB8-8B4A-11D0-8D11-00A0C91BC942}") = "libksn_stuff", "libksn_stuff\libksn_stuff.vcxproj", "{0371B446-4D34-4E8E-B272-65A3B784D6EA}"
EndProject
Project("{8BC9CEB8-8B4A-11D0-8D11-00A0C91BC942}") = "libksn_x86", "x86_instruction_set\x86_instruction_set.vcxproj", "{EE3EEB13-F09A-4D5A-A9F3-E87B2F110E3C}"
EndProject
Project("{8BC9CEB8-8B4A-11D0-8D11-00A0C91BC942}") = "libksn_debug_utils", "ksn_debug_utils\ksn_debug_utils.vcxproj", "{BDF29E23-A261-459B-9556-20D282FFAFA5}"
EndProject
Project("{8BC9CEB8-8B4A-11D0-8D11-00A0C91BC942}") = "temp", "temp\temp.vcxproj", "{414455DB-EB79-48E6-921E-A38211C76730}"
	ProjectSection(ProjectDependencies) = postProject
		{0371B446-4D34-4E8E-B272-65A3B784D6EA} = {0371B446-4D34-4E8E-B272-65A3B784D6EA}
		{03E2FF74-249E-4954-A98A-7F9C42F630C9} = {03E2FF74-249E-4954-A98A-7F9C42F630C9}
		{10F256BC-7FB7-4307-926E-8B4B78D1DDA5} = {10F256BC-7FB7-4307-926E-8B4B78D1DDA5}
		{2D0434B9-B896-4887-A552-41DCFEBC4316} = {2D0434B9-B896-4887-A552-41DCFEBC4316}
		{7C567B7E-EEB8-4D66-9B34-10977629A138} = {7C567B7E-EEB8-4D66-9B34-10977629A138}
		{7D904459-42DF-46B7-9BBF-299190A1D98F} = {7D904459-42DF-46B7-9BBF-299190A1D98F}
		{82EB5CB3-8EA4-4D02-84C7-0A9864E68B14} = {82EB5CB3-8EA4-4D02-84C7-0A9864E68B14}
		{96C8428A-562A-4B64-94E8-8F5D3CE70320} = {96C8428A-562A-4B64-94E8-8F5D3CE70320}
		{AC3B3427-0D92-4E7D-AC85-4B9A243AFFEC} = {AC3B3427-0D92-4E7D-AC85-4B9A243AFFEC}
		{BB79F2DA-3EF9-4F61-A7BE-CB869C9829D9} = {BB79F2DA-3EF9-4F61-A7BE-CB869C9829D9}
		{BDF29E23-A261-459B-9556-20D282FFAFA5} = {BDF29E23-A261-459B-9556-20D282FFAFA5}
		{EE3EEB13-F09A-4D5A-A9F3-E87B2F110E3C} = {EE3EEB13-F09A-4D5A-A9F3-E87B2F110E3C}
		{FC1D49DA-912B-4807-B671-CFCF4BE01A70} = {FC1D49DA-912B-4807-B671-CFCF4BE01A70}
	EndProjectSection
EndProject
Project("{8BC9CEB8-8B4A-11D0-8D11-00A0C91BC942}") = "libksn_fast_pimpl", "libksn_fast_pimpl\libksn_fast_pimpl.vcxproj", "{2D0434B9-B896-4887-A552-41DCFEBC4316}"
EndProject
Project("{8BC9CEB8-8B4A-11D0-8D11-00A0C91BC942}") = "libksn_window", "libksn_window\libksn_window.vcxproj", "{96C8428A-562A-4B64-94E8-8F5D3CE70320}"
	ProjectSection(ProjectDependencies) = postProject
		{2D0434B9-B896-4887-A552-41DCFEBC4316} = {2D0434B9-B896-4887-A552-41DCFEBC4316}
		{7C567B7E-EEB8-4D66-9B34-10977629A138} = {7C567B7E-EEB8-4D66-9B34-10977629A138}
		{7D904459-42DF-46B7-9BBF-299190A1D98F} = {7D904459-42DF-46B7-9BBF-299190A1D98F}
	EndProjectSection
EndProject
Project("{8BC9CEB8-8B4A-11D0-8D11-00A0C91BC942}") = "libksn_opencl_selector", "libksn_opencl_selector\libksn_opencl_selector.vcxproj", "{03E2FF74-249E-4954-A98A-7F9C42F630C9}"
EndProject
Project("{8BC9CEB8-8B4A-11D0-8D11-00A0C91BC942}") = "libksn_window_gl", "libksn_window_gl\libksn_window_gl.vcxproj", "{FC1D49DA-912B-4807-B671-CFCF4BE01A70}"
	ProjectSection(ProjectDependencies) = postProject
		{2D0434B9-B896-4887-A552-41DCFEBC4316} = {2D0434B9-B896-4887-A552-41DCFEBC4316}
		{96C8428A-562A-4B64-94E8-8F5D3CE70320} = {96C8428A-562A-4B64-94E8-8F5D3CE70320}
	EndProjectSection
EndProject
Project("{8BC9CEB8-8B4A-11D0-8D11-00A0C91BC942}") = "libksn_time", "libksn_time\libksn_time.vcxproj", "{7D904459-42DF-46B7-9BBF-299190A1D98F}"
EndProject
Project("{8BC9CEB8-8B4A-11D0-8D11-00A0C91BC942}") = "libksn_crc", "libksn_crc\libksn_crc.vcxproj", "{BB79F2DA-3EF9-4F61-A7BE-CB869C9829D9}"
EndProject
Project("{8BC9CEB8-8B4A-11D0-8D11-00A0C91BC942}") = "libksn_image", "libksn_image\libksn_image.vcxproj", "{82EB5CB3-8EA4-4D02-84C7-0A9864E68B14}"
	ProjectSection(ProjectDependencies) = postProject
		{BB79F2DA-3EF9-4F61-A7BE-CB869C9829D9} = {BB79F2DA-3EF9-4F61-A7BE-CB869C9829D9}
	EndProjectSection
EndProject
Project("{8BC9CEB8-8B4A-11D0-8D11-00A0C91BC942}") = "libksn_unicode", "libksn_unicode\libksn_unicode.vcxproj", "{7C567B7E-EEB8-4D66-9B34-10977629A138}"
EndProject
Project("{8BC9CEB8-8B4A-11D0-8D11-00A0C91BC942}") = "libksn_logger", "libksn_logger\libksn_logger.vcxproj", "{AC3B3427-0D92-4E7D-AC85-4B9A243AFFEC}"
EndProject
Global
	GlobalSection(SolutionConfigurationPlatforms) = preSolution
		Debug|x64 = Debug|x64
		Debug|x86 = Debug|x86
		Release|x64 = Release|x64
		Release|x86 = Release|x86
	EndGlobalSection
	GlobalSection(ProjectConfigurationPlatforms) = postSolution
		{10F256BC-7FB7-4307-926E-8B4B78D1DDA5}.Debug|x64.ActiveCfg = Debug|x64
		{10F256BC-7FB7-4307-926E-8B4B78D1DDA5}.Debug|x64.Build.0 = Debug|x64
		{10F256BC-7FB7-4307-926E-8B4B78D1DDA5}.Debug|x86.ActiveCfg = Debug|Win32
		{10F256BC-7FB7-4307-926E-8B4B78D1DDA5}.Debug|x86.Build.0 = Debug|Win32
		{10F256BC-7FB7-4307-926E-8B4B78D1DDA5}.Release|x64.ActiveCfg = Release|x64
		{10F256BC-7FB7-4307-926E-8B4B78D1DDA5}.Release|x64.Build.0 = Release|x64
		{10F256BC-7FB7-4307-926E-8B4B78D1DDA5}.Release|x86.ActiveCfg = Release|Win32
		{10F256BC-7FB7-4307-926E-8B4B78D1DDA5}.Release|x86.Build.0 = Release|Win32
		{0371B446-4D34-4E8E-B272-65A3B784D6EA}.Debug|x64.ActiveCfg = Debug|x64
		{0371B446-4D34-4E8E-B272-65A3B784D6EA}.Debug|x64.Build.0 = Debug|x64
		{0371B446-4D34-4E8E-B272-65A3B784D6EA}.Debug|x86.ActiveCfg = Debug|Win32
		{0371B446-4D34-4E8E-B272-65A3B784D6EA}.Debug|x86.Build.0 = Debug|Win32
		{0371B446-4D34-4E8E-B272-65A3B784D6EA}.Release|x64.ActiveCfg = Release|x64
		{0371B446-4D34-4E8E-B272-65A3B784D6EA}.Release|x64.Build.0 = Release|x64
		{0371B446-4D34-4E8E-B272-65A3B784D6EA}.Release|x86.ActiveCfg = Release|Win32
		{0371B446-4D34-4E8E-B272-65A3B784D6EA}.Release|x86.Build.0 = Release|Win32
		{EE3EEB13-F09A-4D5A-A9F3-E87B2F110E3C}.Debug|x64.ActiveCfg = Debug|x64
		{EE3EEB13-F09A-4D5A-A9F3-E87B2F110E3C}.Debug|x64.Build.0 = Debug|x64
		{EE3EEB13-F09A-4D5A-A9F3-E87B2F110E3C}.Debug|x86.ActiveCfg = Debug|Win32
		{EE3EEB13-F09A-4D5A-A9F3-E87B2F110E3C}.Debug|x86.Build.0 = Debug|Win32
		{EE3EEB13-F09A-4D5A-A9F3-E87B2F110E3C}.Release|x64.ActiveCfg = Release|x64
		{EE3EEB13-F09A-4D5A-A9F3-E87B2F110E3C}.Release|x64.Build.0 = Release|x64
		{EE3EEB13-F09A-4D5A-A9F3-E87B2F110E3C}.Release|x86.ActiveCfg = Release|Win32
		{EE3EEB13-F09A-4D5A-A9F3-E87B2F110E3C}.Release|x86.Build.0 = Release|Win32
		{BDF29E23-A261-459B-9556-20D282FFAFA5}.Debug|x64.ActiveCfg = Debug|x64
		{BDF29E23-A261-459B-9556-20D282FFAFA5}.Debug|x64.Build.0 = Debug|x64
		{BDF29E23-A261-459B-9556-20D282FFAFA5}.Debug|x86.ActiveCfg = Debug|Win32
		{BDF29E23-A261-459B-9556-20D282FFAFA5}.Debug|x86.Build.0 = Debug|Win32
		{BDF29E23-A261-459B-9556-20D282FFAFA5}.Release|x64.ActiveCfg = Release|x64
		{BDF29E23-A261-459B-9556-20D282FFAFA5}.Release|x64.Build.0 = Release|x64
		{BDF29E23-A261-459B-9556-20D282FFAFA5}.Release|x86.ActiveCfg = Release|Win32
		{BDF29E23-A261-459B-9556-20D282FFAFA5}.Release|x86.Build.0 = Release|Win32
		{414455DB-EB79-48E6-921E-A38211C76730}.Debug|x64.ActiveCfg = Debug|x64
		{414455DB-EB79-48E6-921E-A38211C76730}.Debug|x64.Build.0 = Debug|x64
		{414455DB-EB79-48E6-921E-A38211C76730}.Debug|x86.ActiveCfg = Debug|Win32
		{414455DB-EB79-48E6-921E-A38211C76730}.Debug|x86.Build.0 = Debug|Win32
		{414455DB-EB79-48E6-921E-A38211C76730}.Release|x64.ActiveCfg = Release|x64
		{414455DB-EB79-48E6-921E-A38211C76730}.Release|x64.Build.0 = Release|x64
		{414455DB-EB79-48E6-921E-A38211C76730}.Release|x86.ActiveCfg = Release|Win32
		{414455DB-EB79-48E6-921E-A38211C76730}.Release|x86.Build.0 = Release|Win32
		{2D0434B9-B896-4887-A552-41DCFEBC4316}.Debug|x64.ActiveCfg = Debug|x64
		{2D0434B9-B896-4887-A552-41DCFEBC4316}.Debug|x64.Build.0 = Debug|x64
		{2D0434B9-B896-4887-A552-41DCFEBC4316}.Debug|x86.ActiveCfg = Debug|Win32
		{2D0434B9-B896-4887-A552-41DCFEBC4316}.Debug|x86.Build.0 = Debug|Win32
		{2D0434B9-B896-4887-A552-41DCFEBC4316}.Release|x64.ActiveCfg = Release|x64
		{2D0434B9-B896-4887-A552-41DCFEBC4316}.Release|x64.Build.0 = Release|x64
		{2D0434B9-B896-4887-A552-41DCFEBC4316}.Release|x86.ActiveCfg = Release|Win32
		{2D0434B9-B896-4887-A552-41DCFEBC4316}.Release|x86.Build.0 = Release|Win32
		{96C8428A-562A-4B64-94E8-8F5D3CE70320}.Debug|x64.ActiveCfg = Debug|x64
		{96C8428A-562A-4B64-94E8-8F5D3CE70320}.Debug|x64.Build.0 = Debug|x64
		{96C8428A-562A-4B64-94E8-8F5D3CE70320}.Debug|x86.ActiveCfg = Debug|Win32
		{96C8428A-562A-4B64-94E8-8F5D3CE70320}.Debug|x86.Build.0 = Debug|Win32
		{96C8428A-562A-4B64-94E8-8F5D3CE70320}.Release|x64.ActiveCfg = Release|x64
		{96C8428A-562A-4B64-94E8-8F5D3CE70320}.Release|x64.Build.0 = Release|x64
		{96C8428A-562A-4B64-94E8-8F5D3CE70320}.Release|x86.ActiveCfg = Release|Win32
		{96C8428A-562A-4B64-94E8-8F5D3CE70320}.Release|x86.Build.0 = Release|Win32
		{03E2FF74-249E-4954-A98A-7F9C42F630C9}.Debug|x64.ActiveCfg = Debug|x64
		{03E2FF74-249E-4954-A98A-7F9C42F630C9}.Debug|x64.Build.0 = Debug|x64
		{03E2FF74-249E-4954-A98A-7F9C42F630C9}.Debug|x86.ActiveCfg = Debug|Win32
		{03E2FF74-249E-4954-A98A-7F9C42F630C9}.Debug|x86.Build.0 = Debug|Win32
		{03E2FF74-249E-4954-A98A-7F9C42F630C9}.Release|x64.ActiveCfg = Release|x64
		{03E2FF74-249E-4954-A98A-7F9C42F630C9}.Release|x64.Build.0 = Release|x64
		{03E2FF74-249E-4954-A98A-7F9C42F630C9}.Release|x86.ActiveCfg = Release|Win32
		{03E2FF74-249E-4954-A98A-7F9C42F630C9}.Release|x86.Build.0 = Release|Win32
		{FC1D49DA-912B-4807-B671-CFCF4BE01A70}.Debug|x64.ActiveCfg = Debug|x64
		{FC1D49DA-912B-4807-B671-CFCF4BE01A70}.Debug|x64.Build.0 = Debug|x64
		{FC1D49DA-912B-4807-B671-CFCF4BE01A70}.Debug|x86.ActiveCfg = Debug|Win32
		{FC1D49DA-912B-4807-B671-CFCF4BE01A70}.Debug|x86.Build.0 = Debug|Win32
		{FC1D49DA-912B-4807-B671-CFCF4BE01A70}.Release|x64.ActiveCfg = Release|x64
		{FC1D49DA-912B-4807-B671-CFCF4BE01A70}.Release|x64.Build.0 = Release|x64
		{FC1D49DA-912B-4807-B671-CFCF4BE01A70}.Release|x86.ActiveCfg = Release|Win32
		{FC1D49DA-912B-4807-B671-CFCF4BE01A70}.Release|x86.Build.0 = Release|Win32
		{7D904459-42DF-46B7-9BBF-299190A1D98F}.Debug|x64.ActiveCfg = Debug|x64
		{7D904459-42DF-46B7-9BBF-299190A1D98F}.Debug|x64.Build.0 = Debug|x64
		{7D904459-42DF-46B7-9BBF-299190A1D98F}.Debug|x86.ActiveCfg = Debug|Win32
		{7D904459-42DF-46B7-9BBF-299190A1D98F}.Debug|x86.Build.0 = Debug|Win32
		{7D904459-42DF-46B7-9BBF-299190A1D98F}.Release|x64.ActiveCfg = Release|x64
		{7D904459-42DF-46B7-9BBF-299190A1D98F}.Release|x64.Build.0 = Release|x64
		{7D904459-42DF-46B7-9BBF-299190A1D98F}.Release|x86.ActiveCfg = Release|Win32
		{7D904459-42DF-46B7-9BBF-299190A1D98F}.Release|x86.Build.0 = Release|Win32
		{BB79F2DA-3EF9-4F61-A7BE-CB869C9829D9}.Debug|x64.ActiveCfg = Debug|x64
		{BB79F2DA-3EF9-4F61-A7BE-CB869C9829D9}.Debug|x64.Build.0 = Debug|x64
		{BB79F2DA-3EF9-4F61-A7BE-CB869C9829D9}.Debug|x86.ActiveCfg = Debug|Win32
		{BB79F2DA-3EF9-4F61-A7BE-CB869C9829D9}.Debug|x86.Build.0 = Debug|Win32
		{BB79F2DA-3EF9-4F61-A7BE-CB869C9829D9}.Release|x64.ActiveCfg = Release|x64
		{BB79F2DA-3EF9-4F61-A7BE-CB869C9829D9}.Release|x64.Build.0 = Release|x64
		{BB79F2DA-3EF9-4F61-A7BE-CB869C9829D9}.Release|x86.ActiveCfg = Release|Win32
		{BB79F2DA-3EF9-4F61-A7BE-CB869C9829D9}.Release|x86.Build.0 = Release|Win32
		{82EB5CB3-8EA4-4D02-84C7-0A9864E68B14}.Debug|x64.ActiveCfg = Debug|x64
		{82EB5CB3-8EA4-4D02-84C7-0A9864E68B14}.Debug|x64.Build.0 = Debug|x64
		{82EB5CB3-8EA4-4D02-84C7-0A9864E68B14}.Debug|x86.ActiveCfg = Debug|Win32
		{82EB5CB3-8EA4-4D02-84C7-0A9864E68B14}.Debug|x86.Build.0 = Debug|Win32
		{82EB5CB3-8EA4-4D02-84C7-0A9864E68B14}.Release|x64.ActiveCfg = Release|x64
		{82EB5CB3-8EA4-4D02-84C7-0A9864E68B14}.Release|x64.Build.0 = Release|x64
		{82EB5CB3-8EA4-4D02-84C7-0A9864E68B14}.Release|x86.ActiveCfg = Release|Win32
		{82EB5CB3-8EA4-4D02-84C7-0A9864E68B14}.Release|x86.Build.0 = Release|Win32
		{7C567B7E-EEB8-4D66-9B34-10977629A138}.Debug|x64.ActiveCfg = Debug|x64
		{7C567B7E-EEB8-4D66-9B34-10977629A138}.Debug|x64.Build.0 = Debug|x64
		{7C567B7E-EEB8-4D66-9B34-10977629A138}.Debug|x86.ActiveCfg = Debug|Win32
		{7C567B7E-EEB8-4D66-9B34-10977629A138}.Debug|x86.Build.0 = Debug|Win32
		{7C567B7E-EEB8-4D66-9B34-10977629A138}.Release|x64.ActiveCfg = Release|x64
		{7C567B7E-EEB8-4D66-9B34-10977629A138}.Release|x64.Build.0 = Release|x64
		{7C567B7E-EEB8-4D66-9B34-10977629A138}.Release|x86.ActiveCfg = Release|Win32
		{7C567B7E-EEB8-4D66-9B34-10977629A138}.Release|x86.Build.0 = Release|Win32
		{AC3B3427-0D92-4E7D-AC85-4B9A243AFFEC}.Debug|x64.ActiveCfg = Debug|x64
		{AC3B3427-0D92-4E7D-AC85-4B9A243AFFEC}.Debug|x64.Build.0 = Debug|x64
		{AC3B3427-0D92-4E7D-AC85-4B9A243AFFEC}.Debug|x86.ActiveCfg = Debug|Win32
		{AC3B3427-0D92-4E7D-AC85-4B9A243AFFEC}.Debug|x86.Build.0 = Debug|Win32
		{AC3B3427-0D92-4E7D-AC85-4B9A243AFFEC}.Release|x64.ActiveCfg = Release|x64
		{AC3B3427-0D92-4E7D-AC85-4B9A243AFFEC}.Release|x64.Build.0 = Release|x64
		{AC3B3427-0D92-4E7D-AC85-4B9A243AFFEC}.Release|x86.ActiveCfg = Release|Win32
		{AC3B3427-0D92-4E7D-AC85-4B9A243AFFEC}.Release|x86.Build.0 = Release|Win32
	EndGlobalSection
	GlobalSection(SolutionProperties) = preSolution
		HideSolutionNode = FALSE
	EndGlobalSection
	GlobalSection(ExtensibilityGlobals) = postSolution
		SolutionGuid = {31B15FBF-79A4-4DA0-AB25-BFACFAC54D69}
	EndGlobalSection
EndGlobal
