
Microsoft Visual Studio Solution File, Format Version 12.00
# Visual Studio Version 16
VisualStudioVersion = 16.0.30524.135
MinimumVisualStudioVersion = 10.0.40219.1
Project("{8BC9CEB8-8B4A-11D0-8D11-00A0C91BC942}") = "libksn_math", "libksn_math\libksn_math.vcxproj", "{10F256BC-7FB7-4307-926E-8B4B78D1DDA5}"
EndProject
Project("{8BC9CEB8-8B4A-11D0-8D11-00A0C91BC942}") = "libksn_stuff", "libksn_stuff\libksn_stuff.vcxproj", "{0371B446-4D34-4E8E-B272-65A3B784D6EA}"
	ProjectSection(ProjectDependencies) = postProject
		{EE3EEB13-F09A-4D5A-A9F3-E87B2F110E3C} = {EE3EEB13-F09A-4D5A-A9F3-E87B2F110E3C}
	EndProjectSection
EndProject
Project("{8BC9CEB8-8B4A-11D0-8D11-00A0C91BC942}") = "libksn_x86_instruction_set", "x86_instruction_set\x86_instruction_set.vcxproj", "{EE3EEB13-F09A-4D5A-A9F3-E87B2F110E3C}"
EndProject
Project("{8BC9CEB8-8B4A-11D0-8D11-00A0C91BC942}") = "libksn_debug_utils", "ksn_debug_utils\ksn_debug_utils.vcxproj", "{BDF29E23-A261-459B-9556-20D282FFAFA5}"
EndProject
Project("{8BC9CEB8-8B4A-11D0-8D11-00A0C91BC942}") = "temp", "temp\temp.vcxproj", "{414455DB-EB79-48E6-921E-A38211C76730}"
EndProject
Project("{8BC9CEB8-8B4A-11D0-8D11-00A0C91BC942}") = "libksn_opencl_stuff", "libksn_opencl_stuff\libksn_opencl_stuff.vcxproj", "{7A33F167-97A1-41F1-ACAB-47E3603ECA5B}"
EndProject
Project("{8BC9CEB8-8B4A-11D0-8D11-00A0C91BC942}") = "libksn_fast_pimpl", "libksn_fast_pimpl\libksn_fast_pimpl.vcxproj", "{2D0434B9-B896-4887-A552-41DCFEBC4316}"
EndProject
Project("{8BC9CEB8-8B4A-11D0-8D11-00A0C91BC942}") = "libksn_window", "libksn_window\libksn_window.vcxproj", "{96C8428A-562A-4B64-94E8-8F5D3CE70320}"
EndProject
Project("{8BC9CEB8-8B4A-11D0-8D11-00A0C91BC942}") = "temp_linux1", "temp_linux1\temp_linux1.vcxproj", "{F539D2C9-302F-4ABC-A681-14865A4EAA2F}"
EndProject
Project("{8BC9CEB8-8B4A-11D0-8D11-00A0C91BC942}") = "libksn_graphics", "libksn_graphics_engine\libksn_graphics_engine.vcxproj", "{6158271B-F19E-4731-AAE6-669F16360923}"
	ProjectSection(ProjectDependencies) = postProject
		{0371B446-4D34-4E8E-B272-65A3B784D6EA} = {0371B446-4D34-4E8E-B272-65A3B784D6EA}
	EndProjectSection
EndProject
Project("{8BC9CEB8-8B4A-11D0-8D11-00A0C91BC942}") = "libksn_opencl_kernel_tester", "libksn_opencl_kernel_tester\libksn_opencl_kernel_tester.vcxproj", "{D7C1735A-93BB-403A-B86C-B592DEBEEC70}"
EndProject
Global
	GlobalSection(SolutionConfigurationPlatforms) = preSolution
		Debug|ARM = Debug|ARM
		Debug|ARM64 = Debug|ARM64
		Debug|x64 = Debug|x64
		Debug|x86 = Debug|x86
		Release|ARM = Release|ARM
		Release|ARM64 = Release|ARM64
		Release|x64 = Release|x64
		Release|x86 = Release|x86
	EndGlobalSection
	GlobalSection(ProjectConfigurationPlatforms) = postSolution
		{10F256BC-7FB7-4307-926E-8B4B78D1DDA5}.Debug|ARM.ActiveCfg = Debug|Win32
		{10F256BC-7FB7-4307-926E-8B4B78D1DDA5}.Debug|ARM64.ActiveCfg = Debug|Win32
		{10F256BC-7FB7-4307-926E-8B4B78D1DDA5}.Debug|x64.ActiveCfg = Debug|x64
		{10F256BC-7FB7-4307-926E-8B4B78D1DDA5}.Debug|x64.Build.0 = Debug|x64
		{10F256BC-7FB7-4307-926E-8B4B78D1DDA5}.Debug|x86.ActiveCfg = Debug|Win32
		{10F256BC-7FB7-4307-926E-8B4B78D1DDA5}.Debug|x86.Build.0 = Debug|Win32
		{10F256BC-7FB7-4307-926E-8B4B78D1DDA5}.Release|ARM.ActiveCfg = Release|Win32
		{10F256BC-7FB7-4307-926E-8B4B78D1DDA5}.Release|ARM64.ActiveCfg = Release|Win32
		{10F256BC-7FB7-4307-926E-8B4B78D1DDA5}.Release|x64.ActiveCfg = Release|x64
		{10F256BC-7FB7-4307-926E-8B4B78D1DDA5}.Release|x64.Build.0 = Release|x64
		{10F256BC-7FB7-4307-926E-8B4B78D1DDA5}.Release|x86.ActiveCfg = Release|Win32
		{10F256BC-7FB7-4307-926E-8B4B78D1DDA5}.Release|x86.Build.0 = Release|Win32
		{0371B446-4D34-4E8E-B272-65A3B784D6EA}.Debug|ARM.ActiveCfg = Debug|Win32
		{0371B446-4D34-4E8E-B272-65A3B784D6EA}.Debug|ARM64.ActiveCfg = Debug|Win32
		{0371B446-4D34-4E8E-B272-65A3B784D6EA}.Debug|x64.ActiveCfg = Debug|x64
		{0371B446-4D34-4E8E-B272-65A3B784D6EA}.Debug|x64.Build.0 = Debug|x64
		{0371B446-4D34-4E8E-B272-65A3B784D6EA}.Debug|x86.ActiveCfg = Debug|Win32
		{0371B446-4D34-4E8E-B272-65A3B784D6EA}.Debug|x86.Build.0 = Debug|Win32
		{0371B446-4D34-4E8E-B272-65A3B784D6EA}.Release|ARM.ActiveCfg = Release|Win32
		{0371B446-4D34-4E8E-B272-65A3B784D6EA}.Release|ARM64.ActiveCfg = Release|Win32
		{0371B446-4D34-4E8E-B272-65A3B784D6EA}.Release|x64.ActiveCfg = Release|x64
		{0371B446-4D34-4E8E-B272-65A3B784D6EA}.Release|x64.Build.0 = Release|x64
		{0371B446-4D34-4E8E-B272-65A3B784D6EA}.Release|x86.ActiveCfg = Release|Win32
		{0371B446-4D34-4E8E-B272-65A3B784D6EA}.Release|x86.Build.0 = Release|Win32
		{EE3EEB13-F09A-4D5A-A9F3-E87B2F110E3C}.Debug|ARM.ActiveCfg = Debug|Win32
		{EE3EEB13-F09A-4D5A-A9F3-E87B2F110E3C}.Debug|ARM64.ActiveCfg = Debug|Win32
		{EE3EEB13-F09A-4D5A-A9F3-E87B2F110E3C}.Debug|x64.ActiveCfg = Debug|x64
		{EE3EEB13-F09A-4D5A-A9F3-E87B2F110E3C}.Debug|x64.Build.0 = Debug|x64
		{EE3EEB13-F09A-4D5A-A9F3-E87B2F110E3C}.Debug|x86.ActiveCfg = Debug|Win32
		{EE3EEB13-F09A-4D5A-A9F3-E87B2F110E3C}.Debug|x86.Build.0 = Debug|Win32
		{EE3EEB13-F09A-4D5A-A9F3-E87B2F110E3C}.Release|ARM.ActiveCfg = Release|Win32
		{EE3EEB13-F09A-4D5A-A9F3-E87B2F110E3C}.Release|ARM64.ActiveCfg = Release|Win32
		{EE3EEB13-F09A-4D5A-A9F3-E87B2F110E3C}.Release|x64.ActiveCfg = Release|x64
		{EE3EEB13-F09A-4D5A-A9F3-E87B2F110E3C}.Release|x64.Build.0 = Release|x64
		{EE3EEB13-F09A-4D5A-A9F3-E87B2F110E3C}.Release|x86.ActiveCfg = Release|Win32
		{EE3EEB13-F09A-4D5A-A9F3-E87B2F110E3C}.Release|x86.Build.0 = Release|Win32
		{BDF29E23-A261-459B-9556-20D282FFAFA5}.Debug|ARM.ActiveCfg = Debug|Win32
		{BDF29E23-A261-459B-9556-20D282FFAFA5}.Debug|ARM64.ActiveCfg = Debug|Win32
		{BDF29E23-A261-459B-9556-20D282FFAFA5}.Debug|x64.ActiveCfg = Debug|x64
		{BDF29E23-A261-459B-9556-20D282FFAFA5}.Debug|x64.Build.0 = Debug|x64
		{BDF29E23-A261-459B-9556-20D282FFAFA5}.Debug|x86.ActiveCfg = Debug|Win32
		{BDF29E23-A261-459B-9556-20D282FFAFA5}.Debug|x86.Build.0 = Debug|Win32
		{BDF29E23-A261-459B-9556-20D282FFAFA5}.Release|ARM.ActiveCfg = Release|Win32
		{BDF29E23-A261-459B-9556-20D282FFAFA5}.Release|ARM64.ActiveCfg = Release|Win32
		{BDF29E23-A261-459B-9556-20D282FFAFA5}.Release|x64.ActiveCfg = Release|x64
		{BDF29E23-A261-459B-9556-20D282FFAFA5}.Release|x64.Build.0 = Release|x64
		{BDF29E23-A261-459B-9556-20D282FFAFA5}.Release|x86.ActiveCfg = Release|Win32
		{BDF29E23-A261-459B-9556-20D282FFAFA5}.Release|x86.Build.0 = Release|Win32
		{414455DB-EB79-48E6-921E-A38211C76730}.Debug|ARM.ActiveCfg = Debug|Win32
		{414455DB-EB79-48E6-921E-A38211C76730}.Debug|ARM64.ActiveCfg = Debug|Win32
		{414455DB-EB79-48E6-921E-A38211C76730}.Debug|x64.ActiveCfg = Debug|x64
		{414455DB-EB79-48E6-921E-A38211C76730}.Debug|x64.Build.0 = Debug|x64
		{414455DB-EB79-48E6-921E-A38211C76730}.Debug|x86.ActiveCfg = Debug|Win32
		{414455DB-EB79-48E6-921E-A38211C76730}.Debug|x86.Build.0 = Debug|Win32
		{414455DB-EB79-48E6-921E-A38211C76730}.Release|ARM.ActiveCfg = Release|Win32
		{414455DB-EB79-48E6-921E-A38211C76730}.Release|ARM64.ActiveCfg = Release|Win32
		{414455DB-EB79-48E6-921E-A38211C76730}.Release|x64.ActiveCfg = Release|x64
		{414455DB-EB79-48E6-921E-A38211C76730}.Release|x64.Build.0 = Release|x64
		{414455DB-EB79-48E6-921E-A38211C76730}.Release|x86.ActiveCfg = Release|Win32
		{414455DB-EB79-48E6-921E-A38211C76730}.Release|x86.Build.0 = Release|Win32
		{7A33F167-97A1-41F1-ACAB-47E3603ECA5B}.Debug|ARM.ActiveCfg = Debug|Win32
		{7A33F167-97A1-41F1-ACAB-47E3603ECA5B}.Debug|ARM64.ActiveCfg = Debug|Win32
		{7A33F167-97A1-41F1-ACAB-47E3603ECA5B}.Debug|x64.ActiveCfg = Debug|x64
		{7A33F167-97A1-41F1-ACAB-47E3603ECA5B}.Debug|x64.Build.0 = Debug|x64
		{7A33F167-97A1-41F1-ACAB-47E3603ECA5B}.Debug|x86.ActiveCfg = Debug|Win32
		{7A33F167-97A1-41F1-ACAB-47E3603ECA5B}.Debug|x86.Build.0 = Debug|Win32
		{7A33F167-97A1-41F1-ACAB-47E3603ECA5B}.Release|ARM.ActiveCfg = Release|Win32
		{7A33F167-97A1-41F1-ACAB-47E3603ECA5B}.Release|ARM64.ActiveCfg = Release|Win32
		{7A33F167-97A1-41F1-ACAB-47E3603ECA5B}.Release|x64.ActiveCfg = Release|x64
		{7A33F167-97A1-41F1-ACAB-47E3603ECA5B}.Release|x64.Build.0 = Release|x64
		{7A33F167-97A1-41F1-ACAB-47E3603ECA5B}.Release|x86.ActiveCfg = Release|Win32
		{7A33F167-97A1-41F1-ACAB-47E3603ECA5B}.Release|x86.Build.0 = Release|Win32
		{2D0434B9-B896-4887-A552-41DCFEBC4316}.Debug|ARM.ActiveCfg = Debug|Win32
		{2D0434B9-B896-4887-A552-41DCFEBC4316}.Debug|ARM64.ActiveCfg = Debug|Win32
		{2D0434B9-B896-4887-A552-41DCFEBC4316}.Debug|x64.ActiveCfg = Debug|x64
		{2D0434B9-B896-4887-A552-41DCFEBC4316}.Debug|x64.Build.0 = Debug|x64
		{2D0434B9-B896-4887-A552-41DCFEBC4316}.Debug|x86.ActiveCfg = Debug|Win32
		{2D0434B9-B896-4887-A552-41DCFEBC4316}.Debug|x86.Build.0 = Debug|Win32
		{2D0434B9-B896-4887-A552-41DCFEBC4316}.Release|ARM.ActiveCfg = Release|Win32
		{2D0434B9-B896-4887-A552-41DCFEBC4316}.Release|ARM64.ActiveCfg = Release|Win32
		{2D0434B9-B896-4887-A552-41DCFEBC4316}.Release|x64.ActiveCfg = Release|x64
		{2D0434B9-B896-4887-A552-41DCFEBC4316}.Release|x64.Build.0 = Release|x64
		{2D0434B9-B896-4887-A552-41DCFEBC4316}.Release|x86.ActiveCfg = Release|Win32
		{2D0434B9-B896-4887-A552-41DCFEBC4316}.Release|x86.Build.0 = Release|Win32
		{96C8428A-562A-4B64-94E8-8F5D3CE70320}.Debug|ARM.ActiveCfg = Debug|Win32
		{96C8428A-562A-4B64-94E8-8F5D3CE70320}.Debug|ARM64.ActiveCfg = Debug|Win32
		{96C8428A-562A-4B64-94E8-8F5D3CE70320}.Debug|x64.ActiveCfg = Debug|x64
		{96C8428A-562A-4B64-94E8-8F5D3CE70320}.Debug|x64.Build.0 = Debug|x64
		{96C8428A-562A-4B64-94E8-8F5D3CE70320}.Debug|x86.ActiveCfg = Debug|Win32
		{96C8428A-562A-4B64-94E8-8F5D3CE70320}.Debug|x86.Build.0 = Debug|Win32
		{96C8428A-562A-4B64-94E8-8F5D3CE70320}.Release|ARM.ActiveCfg = Release|Win32
		{96C8428A-562A-4B64-94E8-8F5D3CE70320}.Release|ARM64.ActiveCfg = Release|Win32
		{96C8428A-562A-4B64-94E8-8F5D3CE70320}.Release|x64.ActiveCfg = Release|x64
		{96C8428A-562A-4B64-94E8-8F5D3CE70320}.Release|x64.Build.0 = Release|x64
		{96C8428A-562A-4B64-94E8-8F5D3CE70320}.Release|x86.ActiveCfg = Release|Win32
		{96C8428A-562A-4B64-94E8-8F5D3CE70320}.Release|x86.Build.0 = Release|Win32
		{F539D2C9-302F-4ABC-A681-14865A4EAA2F}.Debug|ARM.ActiveCfg = Debug|ARM
		{F539D2C9-302F-4ABC-A681-14865A4EAA2F}.Debug|ARM.Build.0 = Debug|ARM
		{F539D2C9-302F-4ABC-A681-14865A4EAA2F}.Debug|ARM.Deploy.0 = Debug|ARM
		{F539D2C9-302F-4ABC-A681-14865A4EAA2F}.Debug|ARM64.ActiveCfg = Debug|ARM64
		{F539D2C9-302F-4ABC-A681-14865A4EAA2F}.Debug|ARM64.Build.0 = Debug|ARM64
		{F539D2C9-302F-4ABC-A681-14865A4EAA2F}.Debug|ARM64.Deploy.0 = Debug|ARM64
		{F539D2C9-302F-4ABC-A681-14865A4EAA2F}.Debug|x64.ActiveCfg = Debug|x64
		{F539D2C9-302F-4ABC-A681-14865A4EAA2F}.Debug|x64.Build.0 = Debug|x64
		{F539D2C9-302F-4ABC-A681-14865A4EAA2F}.Debug|x64.Deploy.0 = Debug|x64
		{F539D2C9-302F-4ABC-A681-14865A4EAA2F}.Debug|x86.ActiveCfg = Debug|x86
		{F539D2C9-302F-4ABC-A681-14865A4EAA2F}.Debug|x86.Build.0 = Debug|x86
		{F539D2C9-302F-4ABC-A681-14865A4EAA2F}.Debug|x86.Deploy.0 = Debug|x86
		{F539D2C9-302F-4ABC-A681-14865A4EAA2F}.Release|ARM.ActiveCfg = Release|ARM
		{F539D2C9-302F-4ABC-A681-14865A4EAA2F}.Release|ARM.Build.0 = Release|ARM
		{F539D2C9-302F-4ABC-A681-14865A4EAA2F}.Release|ARM.Deploy.0 = Release|ARM
		{F539D2C9-302F-4ABC-A681-14865A4EAA2F}.Release|ARM64.ActiveCfg = Release|ARM64
		{F539D2C9-302F-4ABC-A681-14865A4EAA2F}.Release|ARM64.Build.0 = Release|ARM64
		{F539D2C9-302F-4ABC-A681-14865A4EAA2F}.Release|ARM64.Deploy.0 = Release|ARM64
		{F539D2C9-302F-4ABC-A681-14865A4EAA2F}.Release|x64.ActiveCfg = Release|x64
		{F539D2C9-302F-4ABC-A681-14865A4EAA2F}.Release|x64.Build.0 = Release|x64
		{F539D2C9-302F-4ABC-A681-14865A4EAA2F}.Release|x64.Deploy.0 = Release|x64
		{F539D2C9-302F-4ABC-A681-14865A4EAA2F}.Release|x86.ActiveCfg = Release|x86
		{F539D2C9-302F-4ABC-A681-14865A4EAA2F}.Release|x86.Build.0 = Release|x86
		{F539D2C9-302F-4ABC-A681-14865A4EAA2F}.Release|x86.Deploy.0 = Release|x86
		{6158271B-F19E-4731-AAE6-669F16360923}.Debug|ARM.ActiveCfg = Debug|Win32
		{6158271B-F19E-4731-AAE6-669F16360923}.Debug|ARM64.ActiveCfg = Debug|Win32
		{6158271B-F19E-4731-AAE6-669F16360923}.Debug|x64.ActiveCfg = Debug|x64
		{6158271B-F19E-4731-AAE6-669F16360923}.Debug|x64.Build.0 = Debug|x64
		{6158271B-F19E-4731-AAE6-669F16360923}.Debug|x86.ActiveCfg = Debug|Win32
		{6158271B-F19E-4731-AAE6-669F16360923}.Debug|x86.Build.0 = Debug|Win32
		{6158271B-F19E-4731-AAE6-669F16360923}.Release|ARM.ActiveCfg = Release|Win32
		{6158271B-F19E-4731-AAE6-669F16360923}.Release|ARM64.ActiveCfg = Release|Win32
		{6158271B-F19E-4731-AAE6-669F16360923}.Release|x64.ActiveCfg = Release|x64
		{6158271B-F19E-4731-AAE6-669F16360923}.Release|x64.Build.0 = Release|x64
		{6158271B-F19E-4731-AAE6-669F16360923}.Release|x86.ActiveCfg = Release|Win32
		{6158271B-F19E-4731-AAE6-669F16360923}.Release|x86.Build.0 = Release|Win32
		{D7C1735A-93BB-403A-B86C-B592DEBEEC70}.Debug|ARM.ActiveCfg = Debug|Win32
		{D7C1735A-93BB-403A-B86C-B592DEBEEC70}.Debug|ARM64.ActiveCfg = Debug|Win32
		{D7C1735A-93BB-403A-B86C-B592DEBEEC70}.Debug|x64.ActiveCfg = Debug|x64
		{D7C1735A-93BB-403A-B86C-B592DEBEEC70}.Debug|x64.Build.0 = Debug|x64
		{D7C1735A-93BB-403A-B86C-B592DEBEEC70}.Debug|x86.ActiveCfg = Debug|Win32
		{D7C1735A-93BB-403A-B86C-B592DEBEEC70}.Debug|x86.Build.0 = Debug|Win32
		{D7C1735A-93BB-403A-B86C-B592DEBEEC70}.Release|ARM.ActiveCfg = Release|Win32
		{D7C1735A-93BB-403A-B86C-B592DEBEEC70}.Release|ARM64.ActiveCfg = Release|Win32
		{D7C1735A-93BB-403A-B86C-B592DEBEEC70}.Release|x64.ActiveCfg = Release|x64
		{D7C1735A-93BB-403A-B86C-B592DEBEEC70}.Release|x64.Build.0 = Release|x64
		{D7C1735A-93BB-403A-B86C-B592DEBEEC70}.Release|x86.ActiveCfg = Release|Win32
		{D7C1735A-93BB-403A-B86C-B592DEBEEC70}.Release|x86.Build.0 = Release|Win32
	EndGlobalSection
	GlobalSection(SolutionProperties) = preSolution
		HideSolutionNode = FALSE
	EndGlobalSection
	GlobalSection(ExtensibilityGlobals) = postSolution
		SolutionGuid = {31B15FBF-79A4-4DA0-AB25-BFACFAC54D69}
	EndGlobalSection
EndGlobal
